
Microsoft Visual Studio Solution File, Format Version 12.00
# Visual Studio Version 16
VisualStudioVersion = 16.0.30523.141
MinimumVisualStudioVersion = 10.0.40219.1
Project("{FAE04EC0-301F-11D3-BF4B-00C04F79EFBC}") = "Lab1Ex5", "PracticeForms\Lab1Ex5.csproj", "{63664CD8-75D8-4173-8B44-68FD88176CB4}"
EndProject
Project("{FAE04EC0-301F-11D3-BF4B-00C04F79EFBC}") = "Lab2", "Lab2\Lab2.csproj", "{DEDEA82C-62C0-4550-ABE0-1CB0B22BAB11}"
EndProject
Project("{FAE04EC0-301F-11D3-BF4B-00C04F79EFBC}") = "Lab3", "Lab3\Lab3.csproj", "{B5F53A05-33BD-4CB7-8244-95F745C5836D}"
EndProject
Global
	GlobalSection(SolutionConfigurationPlatforms) = preSolution
		Debug|Any CPU = Debug|Any CPU
		Release|Any CPU = Release|Any CPU
	EndGlobalSection
	GlobalSection(ProjectConfigurationPlatforms) = postSolution
		{63664CD8-75D8-4173-8B44-68FD88176CB4}.Debug|Any CPU.ActiveCfg = Debug|Any CPU
		{63664CD8-75D8-4173-8B44-68FD88176CB4}.Debug|Any CPU.Build.0 = Debug|Any CPU
		{63664CD8-75D8-4173-8B44-68FD88176CB4}.Release|Any CPU.ActiveCfg = Release|Any CPU
		{63664CD8-75D8-4173-8B44-68FD88176CB4}.Release|Any CPU.Build.0 = Release|Any CPU
		{DEDEA82C-62C0-4550-ABE0-1CB0B22BAB11}.Debug|Any CPU.ActiveCfg = Debug|Any CPU
		{DEDEA82C-62C0-4550-ABE0-1CB0B22BAB11}.Debug|Any CPU.Build.0 = Debug|Any CPU
		{DEDEA82C-62C0-4550-ABE0-1CB0B22BAB11}.Release|Any CPU.ActiveCfg = Release|Any CPU
		{DEDEA82C-62C0-4550-ABE0-1CB0B22BAB11}.Release|Any CPU.Build.0 = Release|Any CPU
		{B5F53A05-33BD-4CB7-8244-95F745C5836D}.Debug|Any CPU.ActiveCfg = Debug|Any CPU
		{B5F53A05-33BD-4CB7-8244-95F745C5836D}.Debug|Any CPU.Build.0 = Debug|Any CPU
		{B5F53A05-33BD-4CB7-8244-95F745C5836D}.Release|Any CPU.ActiveCfg = Release|Any CPU
		{B5F53A05-33BD-4CB7-8244-95F745C5836D}.Release|Any CPU.Build.0 = Release|Any CPU
	EndGlobalSection
	GlobalSection(SolutionProperties) = preSolution
		HideSolutionNode = FALSE
	EndGlobalSection
	GlobalSection(ExtensibilityGlobals) = postSolution
		SolutionGuid = {DEFD772B-ED02-4EAE-8346-4CF24B441002}
	EndGlobalSection
EndGlobal
